
Microsoft Visual Studio Solution File, Format Version 12.00
# Visual Studio Version 17
VisualStudioVersion = 17.8.34525.116
MinimumVisualStudioVersion = 10.0.40219.1
Project("{FAE04EC0-301F-11D3-BF4B-00C04F79EFBC}") = "Converter-v2", "Converter-v2.csproj", "{987694F8-C72A-4EBE-BFB8-277350F51491}"
EndProject
Project("{FAE04EC0-301F-11D3-BF4B-00C04F79EFBC}") = "Converter-v2.Test", "..\Converter-v2.Test\Converter-v2.Test.csproj", "{9C5744F5-7D22-43B1-8875-7B7CB832D703}"
EndProject
Global
	GlobalSection(SolutionConfigurationPlatforms) = preSolution
		Debug|Any CPU = Debug|Any CPU
		Release|Any CPU = Release|Any CPU
	EndGlobalSection
	GlobalSection(ProjectConfigurationPlatforms) = postSolution
		{987694F8-C72A-4EBE-BFB8-277350F51491}.Debug|Any CPU.ActiveCfg = Debug|Any CPU
		{987694F8-C72A-4EBE-BFB8-277350F51491}.Debug|Any CPU.Build.0 = Debug|Any CPU
		{987694F8-C72A-4EBE-BFB8-277350F51491}.Release|Any CPU.ActiveCfg = Release|Any CPU
		{987694F8-C72A-4EBE-BFB8-277350F51491}.Release|Any CPU.Build.0 = Release|Any CPU
		{9C5744F5-7D22-43B1-8875-7B7CB832D703}.Debug|Any CPU.ActiveCfg = Debug|Any CPU
		{9C5744F5-7D22-43B1-8875-7B7CB832D703}.Debug|Any CPU.Build.0 = Debug|Any CPU
		{9C5744F5-7D22-43B1-8875-7B7CB832D703}.Release|Any CPU.ActiveCfg = Release|Any CPU
		{9C5744F5-7D22-43B1-8875-7B7CB832D703}.Release|Any CPU.Build.0 = Release|Any CPU
	EndGlobalSection
	GlobalSection(SolutionProperties) = preSolution
		HideSolutionNode = FALSE
	EndGlobalSection
	GlobalSection(ExtensibilityGlobals) = postSolution
		SolutionGuid = {E796A54C-20BE-4385-B66A-4FF67915B590}
	EndGlobalSection
EndGlobal
